# This file was autogenerated by Stack.
# You should not edit this file by hand.
# For more information, please see the documentation at:
#   https://docs.haskellstack.org/en/stable/lock_files

packages:
- completed:
    hackage: hakyll-4.15.1.1@sha256:03e1213273876e42b6315eb4b54d55259459cb0f3b739149eacf91da08d27a6e,9962
    pantry-tree:
      sha256: 4422fe53e044ce81ff2de6ed163b1dfb96bd94e4942e8e485a6d1d12ffcd17f1
      size: 8861
  original:
    hackage: hakyll-4.15.1.1
snapshots:
- completed:
    sha256: b37c0abab16c7de352c45b85f8ecc8530b084209a2c42987a96c92b4a5e3cd65
    size: 648924
    url: https://raw.githubusercontent.com/commercialhaskell/stackage-snapshots/master/lts/20/13.yaml
  original: lts-20.13
