# This file was autogenerated by Stack.
# You should not edit this file by hand.
# For more information, please see the documentation at:
#   https://docs.haskellstack.org/en/stable/lock_files

packages:
- completed:
    hackage: hakyll-4.15.1.1@sha256:03e1213273876e42b6315eb4b54d55259459cb0f3b739149eacf91da08d27a6e,9962
    pantry-tree:
      sha256: 4422fe53e044ce81ff2de6ed163b1dfb96bd94e4942e8e485a6d1d12ffcd17f1
      size: 8861
  original:
    hackage: hakyll-4.15.1.1
snapshots:
- completed:
    sha256: af5d667f6096e535b9c725a72cffe0f6c060e0568d9f9eeda04caee70d0d9d2d
    size: 649133
    url: https://raw.githubusercontent.com/commercialhaskell/stackage-snapshots/master/lts/20/12.yaml
  original: lts-20.12
